
Microsoft Visual Studio Solution File, Format Version 12.00
# Visual Studio Version 16
VisualStudioVersion = 16.0.31613.86
MinimumVisualStudioVersion = 10.0.40219.1
Project("{FAE04EC0-301F-11D3-BF4B-00C04F79EFBC}") = "CustomAPIPlugins", "CustomAPIPlugins\CustomAPIPlugins.csproj", "{29D9B040-E2F5-4B7A-BA4F-F3C6755245B0}"
EndProject
Project("{2150E333-8FDC-42A3-9474-1A3956D46DE8}") = "CustomAPICallerScript", "CustomAPICallerScript", "{0105F119-221B-49B7-9E54-4BEB496CC271}"
	ProjectSection(SolutionItems) = preProject
		contactForm.js = contactForm.js
	EndProjectSection
EndProject
Project("{2150E333-8FDC-42A3-9474-1A3956D46DE8}") = "Solutions", "Solutions", "{861A4C47-F27E-45CA-9239-203E9D72617C}"
	ProjectSection(SolutionItems) = preProject
		CustomAPISample_1_0_0_0.zip = CustomAPISample_1_0_0_0.zip
	EndProjectSection
EndProject
Global
	GlobalSection(SolutionConfigurationPlatforms) = preSolution
		Debug|Any CPU = Debug|Any CPU
		Release|Any CPU = Release|Any CPU
	EndGlobalSection
	GlobalSection(ProjectConfigurationPlatforms) = postSolution
		{29D9B040-E2F5-4B7A-BA4F-F3C6755245B0}.Debug|Any CPU.ActiveCfg = Debug|Any CPU
		{29D9B040-E2F5-4B7A-BA4F-F3C6755245B0}.Debug|Any CPU.Build.0 = Debug|Any CPU
		{29D9B040-E2F5-4B7A-BA4F-F3C6755245B0}.Release|Any CPU.ActiveCfg = Release|Any CPU
		{29D9B040-E2F5-4B7A-BA4F-F3C6755245B0}.Release|Any CPU.Build.0 = Release|Any CPU
	EndGlobalSection
	GlobalSection(SolutionProperties) = preSolution
		HideSolutionNode = FALSE
	EndGlobalSection
	GlobalSection(ExtensibilityGlobals) = postSolution
		SolutionGuid = {393BD08C-E35C-43BC-8CBD-B755CABC8B99}
	EndGlobalSection
EndGlobal
